
Microsoft Visual Studio Solution File, Format Version 12.00
# Visual Studio Version 17
VisualStudioVersion = 17.6.33712.159
MinimumVisualStudioVersion = 10.0.40219.1
Project("{FAE04EC0-301F-11D3-BF4B-00C04F79EFBC}") = "FunctionAppSvgToPng", "FunctionAppSvgToPng\FunctionAppSvgToPng.csproj", "{D37C5257-634B-4307-B2E4-3EB874E5933A}"
EndProject
Global
	GlobalSection(SolutionConfigurationPlatforms) = preSolution
		Debug|Any CPU = Debug|Any CPU
		Release|Any CPU = Release|Any CPU
	EndGlobalSection
	GlobalSection(ProjectConfigurationPlatforms) = postSolution
		{D37C5257-634B-4307-B2E4-3EB874E5933A}.Debug|Any CPU.ActiveCfg = Debug|Any CPU
		{D37C5257-634B-4307-B2E4-3EB874E5933A}.Debug|Any CPU.Build.0 = Debug|Any CPU
		{D37C5257-634B-4307-B2E4-3EB874E5933A}.Release|Any CPU.ActiveCfg = Release|Any CPU
		{D37C5257-634B-4307-B2E4-3EB874E5933A}.Release|Any CPU.Build.0 = Release|Any CPU
	EndGlobalSection
	GlobalSection(SolutionProperties) = preSolution
		HideSolutionNode = FALSE
	EndGlobalSection
	GlobalSection(ExtensibilityGlobals) = postSolution
		SolutionGuid = {B17F9283-C2DE-4D25-B6F4-1F927D922FEF}
	EndGlobalSection
EndGlobal
